
Microsoft Visual Studio Solution File, Format Version 12.00
# Visual Studio Version 16
VisualStudioVersion = 16.0.31112.23
MinimumVisualStudioVersion = 10.0.40219.1
Project("{FAE04EC0-301F-11D3-BF4B-00C04F79EFBC}") = "MyDictionary_2", "MyDictionary_2\MyDictionary_2.csproj", "{3AF170C0-D54B-434F-A65E-D66A8ADFB70A}"
EndProject
Global
	GlobalSection(SolutionConfigurationPlatforms) = preSolution
		Debug|Any CPU = Debug|Any CPU
		Release|Any CPU = Release|Any CPU
	EndGlobalSection
	GlobalSection(ProjectConfigurationPlatforms) = postSolution
		{3AF170C0-D54B-434F-A65E-D66A8ADFB70A}.Debug|Any CPU.ActiveCfg = Debug|Any CPU
		{3AF170C0-D54B-434F-A65E-D66A8ADFB70A}.Debug|Any CPU.Build.0 = Debug|Any CPU
		{3AF170C0-D54B-434F-A65E-D66A8ADFB70A}.Release|Any CPU.ActiveCfg = Release|Any CPU
		{3AF170C0-D54B-434F-A65E-D66A8ADFB70A}.Release|Any CPU.Build.0 = Release|Any CPU
	EndGlobalSection
	GlobalSection(SolutionProperties) = preSolution
		HideSolutionNode = FALSE
	EndGlobalSection
	GlobalSection(ExtensibilityGlobals) = postSolution
		SolutionGuid = {FBA4FFD9-0AD7-4AFE-A5BD-CB7031AD0059}
	EndGlobalSection
EndGlobal
